
Microsoft Visual Studio Solution File, Format Version 12.00
# Visual Studio Version 17
VisualStudioVersion = 17.12.35506.116 d17.12
MinimumVisualStudioVersion = 10.0.40219.1
Project("{FAE04EC0-301F-11D3-BF4B-00C04F79EFBC}") = "Advent_of_code_2024", "Advent_of_code_2024\Advent_of_code_2024.csproj", "{536B69B4-AF8F-4FE1-AA39-9115516BE92D}"
EndProject
Global
	GlobalSection(SolutionConfigurationPlatforms) = preSolution
		Debug|Any CPU = Debug|Any CPU
		Release|Any CPU = Release|Any CPU
	EndGlobalSection
	GlobalSection(ProjectConfigurationPlatforms) = postSolution
		{536B69B4-AF8F-4FE1-AA39-9115516BE92D}.Debug|Any CPU.ActiveCfg = Debug|Any CPU
		{536B69B4-AF8F-4FE1-AA39-9115516BE92D}.Debug|Any CPU.Build.0 = Debug|Any CPU
		{536B69B4-AF8F-4FE1-AA39-9115516BE92D}.Release|Any CPU.ActiveCfg = Release|Any CPU
		{536B69B4-AF8F-4FE1-AA39-9115516BE92D}.Release|Any CPU.Build.0 = Release|Any CPU
	EndGlobalSection
	GlobalSection(SolutionProperties) = preSolution
		HideSolutionNode = FALSE
	EndGlobalSection
EndGlobal
